
Microsoft Visual Studio Solution File, Format Version 12.00
# Visual Studio 15
VisualStudioVersion = 15.0.26228.9
MinimumVisualStudioVersion = 10.0.40219.1
Project("{FAE04EC0-301F-11D3-BF4B-00C04F79EFBC}") = "DisableNvidiaTelemetry", "DisableNvidiaTelemetry\DisableNvidiaTelemetry.csproj", "{C1F82E8F-C847-4C96-AA98-B0C2967296BC}"
EndProject
Project("{FAE04EC0-301F-11D3-BF4B-00C04F79EFBC}") = "DisableNvidiaTelemetryWPF", "DisableNvidiaTelemetryWPF\DisableNvidiaTelemetryWPF.csproj", "{96BD5143-61F8-4B32-A6DD-8125A4EFE8AA}"
EndProject
Global
	GlobalSection(SolutionConfigurationPlatforms) = preSolution
		Debug|Any CPU = Debug|Any CPU
		Portable|Any CPU = Portable|Any CPU
		Release|Any CPU = Release|Any CPU
	EndGlobalSection
	GlobalSection(ProjectConfigurationPlatforms) = postSolution
		{C1F82E8F-C847-4C96-AA98-B0C2967296BC}.Debug|Any CPU.ActiveCfg = Debug|Any CPU
		{C1F82E8F-C847-4C96-AA98-B0C2967296BC}.Debug|Any CPU.Build.0 = Debug|Any CPU
		{C1F82E8F-C847-4C96-AA98-B0C2967296BC}.Portable|Any CPU.ActiveCfg = Portable|Any CPU
		{C1F82E8F-C847-4C96-AA98-B0C2967296BC}.Portable|Any CPU.Build.0 = Portable|Any CPU
		{C1F82E8F-C847-4C96-AA98-B0C2967296BC}.Release|Any CPU.ActiveCfg = Release|Any CPU
		{C1F82E8F-C847-4C96-AA98-B0C2967296BC}.Release|Any CPU.Build.0 = Release|Any CPU
		{96BD5143-61F8-4B32-A6DD-8125A4EFE8AA}.Debug|Any CPU.ActiveCfg = Debug|Any CPU
		{96BD5143-61F8-4B32-A6DD-8125A4EFE8AA}.Debug|Any CPU.Build.0 = Debug|Any CPU
		{96BD5143-61F8-4B32-A6DD-8125A4EFE8AA}.Portable|Any CPU.ActiveCfg = Portable|Any CPU
		{96BD5143-61F8-4B32-A6DD-8125A4EFE8AA}.Portable|Any CPU.Build.0 = Portable|Any CPU
		{96BD5143-61F8-4B32-A6DD-8125A4EFE8AA}.Release|Any CPU.ActiveCfg = Release|Any CPU
		{96BD5143-61F8-4B32-A6DD-8125A4EFE8AA}.Release|Any CPU.Build.0 = Release|Any CPU
	EndGlobalSection
	GlobalSection(SolutionProperties) = preSolution
		HideSolutionNode = FALSE
	EndGlobalSection
EndGlobal
